{
    "_readme": [
        "This file locks the dependencies of your project to a known state",
        "Read more about it at https://getcomposer.org/doc/01-basic-usage.md#composer-lock-the-lock-file",
        "This file is @generated automatically"
    ],
    "content-hash": "cc2a21f60f09f93a7b84f24522770747",
    "packages": [
        {
            "name": "hooloovoo/config",
            "version": "dev-master",
            "source": {
                "type": "git",
                "url": "https://github.com/vnejedly/config.git",
                "reference": "829dac4bbc34a1893427f1141a8fb61f876e41aa"
            },
            "dist": {
                "type": "zip",
                "url": "https://api.github.com/repos/vnejedly/config/zipball/829dac4bbc34a1893427f1141a8fb61f876e41aa",
                "reference": "829dac4bbc34a1893427f1141a8fb61f876e41aa",
                "shasum": ""
            },
            "require": {
                "php": ">=7.0.0"
            },
            "type": "library",
            "autoload": {
                "psr-4": {
                    "Hooloovoo\\Config\\": "src/"
                }
            },
            "notification-url": "https://packagist.org/downloads/",
            "license": [
                "MIT"
            ],
            "authors": [
                {
                    "name": "Vladislav Nejedlý",
                    "email": "vladislav.nejedly@gmail.com",
                    "homepage": "https://www.linkedin.com/in/vladislav-nejedl%C3%BD-7140117b"
                }
            ],
            "description": "Simple configuration tool",
            "homepage": "https://github.com/vnejedly/config",
            "keywords": [
                "config"
            ],
            "time": "2017-10-02T00:11:11+00:00"
        },
        {
            "name": "hooloovoo/data-objects",
            "version": "dev-v-2.0",
            "source": {
                "type": "git",
                "url": "https://github.com/vnejedly/data-objects.git",
                "reference": "3a911d226d92b526fded6f7063e391441daa542b"
            },
            "dist": {
                "type": "zip",
                "url": "https://api.github.com/repos/vnejedly/data-objects/zipball/3a911d226d92b526fded6f7063e391441daa542b",
                "reference": "3a911d226d92b526fded6f7063e391441daa542b",
                "shasum": ""
            },
            "require": {
                "php": ">=7.0.0"
            },
            "type": "library",
            "autoload": {
                "psr-4": {
                    "Hooloovoo\\DataObjects\\": "src/"
                }
            },
            "notification-url": "https://packagist.org/downloads/",
            "license": [
                "MIT"
            ],
            "authors": [
                {
                    "name": "Vladislav Nejedlý",
                    "email": "vladislav.nejedly@gmail.com",
                    "homepage": "https://www.linkedin.com/in/vladislav-nejedl%C3%BD-7140117b"
                }
            ],
            "description": "Simple serializable read-only entity abstraction library with data-typed fields",
            "homepage": "https://github.com/vnejedly/data-objects",
            "keywords": [
                "data object",
                "entity"
            ],
            "time": "2018-07-13T18:17:32+00:00"
        },
        {
            "name": "hooloovoo/database",
            "version": "dev-master",
            "source": {
                "type": "git",
                "url": "https://github.com/vnejedly/database.git",
                "reference": "015daae19cd497de6fecf6b1eb14bc7f48287a92"
            },
            "dist": {
                "type": "zip",
                "url": "https://api.github.com/repos/vnejedly/database/zipball/015daae19cd497de6fecf6b1eb14bc7f48287a92",
                "reference": "015daae19cd497de6fecf6b1eb14bc7f48287a92",
                "shasum": ""
            },
            "require": {
                "hooloovoo/di": "@dev",
                "php": ">=7.0.0"
            },
            "type": "library",
            "autoload": {
                "psr-4": {
                    "Hooloovoo\\Database\\": "src/"
                }
            },
            "notification-url": "https://packagist.org/downloads/",
            "license": [
                "MIT"
            ],
            "authors": [
                {
                    "name": "Vladislav Nejedlý",
                    "email": "vladislav.nejedly@gmail.com",
                    "homepage": "https://www.linkedin.com/in/vladislav-nejedl%C3%BD-7140117b"
                }
            ],
            "description": "Database wrapper with support of persistent connection and replication Edit Add topics",
            "homepage": "https://github.com/vnejedly/database",
            "keywords": [
                "database",
                "persistent",
                "replication",
                "wrapper"
            ],
            "time": "2018-03-07T09:54:31+00:00"
        },
        {
            "name": "hooloovoo/db-mapping",
            "version": "dev-master",
            "source": {
                "type": "git",
                "url": "https://github.com/vnejedly/db-mapping.git",
                "reference": "c810102c59b20d668116fa842eb4b047aaf0608b"
            },
            "dist": {
                "type": "zip",
                "url": "https://api.github.com/repos/vnejedly/db-mapping/zipball/c810102c59b20d668116fa842eb4b047aaf0608b",
                "reference": "c810102c59b20d668116fa842eb4b047aaf0608b",
                "shasum": ""
            },
            "require": {
                "hooloovoo/database": "@dev",
                "hooloovoo/di": "@dev",
                "php": ">=7.0.0"
            },
            "type": "library",
            "autoload": {
                "psr-4": {
                    "Hooloovoo\\DatabaseMapping\\": "src/"
                }
            },
            "notification-url": "https://packagist.org/downloads/",
            "license": [
                "MIT"
            ],
            "authors": [
                {
                    "name": "Vladislav Nejedlý",
                    "email": "vladislav.nejedly@gmail.com",
                    "homepage": "https://www.linkedin.com/in/vladislav-nejedl%C3%BD-7140117b"
                }
            ],
            "description": "Simple library for MySQL database mapping",
            "homepage": "https://github.com/vnejedly/db-mapping",
            "keywords": [
                "database info",
                "database mapping"
            ],
            "time": "2018-02-21T15:13:20+00:00"
        },
        {
            "name": "hooloovoo/di",
            "version": "dev-master",
            "source": {
                "type": "git",
                "url": "https://github.com/vnejedly/di.git",
                "reference": "4eb0f12578684e992b9544c57a1192bf8ae69d0c"
            },
            "dist": {
                "type": "zip",
                "url": "https://api.github.com/repos/vnejedly/di/zipball/4eb0f12578684e992b9544c57a1192bf8ae69d0c",
                "reference": "4eb0f12578684e992b9544c57a1192bf8ae69d0c",
                "shasum": ""
            },
            "require": {
                "php": ">=7.0.0"
            },
            "type": "library",
            "autoload": {
                "psr-4": {
                    "Hooloovoo\\DI\\": "src/"
                }
            },
            "notification-url": "https://packagist.org/downloads/",
            "license": [
                "MIT"
            ],
            "authors": [
                {
                    "name": "Vladislav Nejedlý",
                    "email": "vladislav.nejedly@gmail.com",
                    "homepage": "https://www.linkedin.com/in/vladislav-nejedl%C3%BD-7140117b"
                }
            ],
            "description": "Simple DI container with auto-wiring",
            "homepage": "https://github.com/vnejedly/di",
            "keywords": [
                "auto-wiring",
                "container",
                "dependency injection",
                "di"
            ],
            "time": "2017-10-01T22:12:27+00:00"
        },
        {
            "name": "hooloovoo/generator",
            "version": "dev-master",
            "source": {
                "type": "git",
                "url": "https://github.com/vnejedly/generator.git",
                "reference": "86ac3a58606548f57c07a4d1a8ba9450dc8aa833"
            },
            "dist": {
                "type": "zip",
                "url": "https://api.github.com/repos/vnejedly/generator/zipball/86ac3a58606548f57c07a4d1a8ba9450dc8aa833",
                "reference": "86ac3a58606548f57c07a4d1a8ba9450dc8aa833",
                "shasum": ""
            },
            "require": {
                "php": ">=7.0.0"
            },
            "type": "library",
            "autoload": {
                "psr-4": {
                    "Hooloovoo\\Generator\\": "src/"
                }
            },
            "notification-url": "https://packagist.org/downloads/",
            "license": [
                "MIT"
            ],
            "authors": [
                {
                    "name": "Vladislav Nejedlý",
                    "email": "vladislav.nejedly@gmail.com",
                    "homepage": "https://www.linkedin.com/in/vladislav-nejedl%C3%BD-7140117b"
                }
            ],
            "description": "Simple code generator",
            "homepage": "https://github.com/vnejedly/generator",
            "keywords": [
                "code generator"
            ],
            "time": "2017-10-01T22:42:43+00:00"
        },
        {
            "name": "hooloovoo/query-engine",
            "version": "dev-master",
            "source": {
                "type": "git",
                "url": "https://github.com/vnejedly/query-engine.git",
                "reference": "c922a3beb01c12daeeac5cca6cb6127202924c4b"
            },
            "dist": {
                "type": "zip",
                "url": "https://api.github.com/repos/vnejedly/query-engine/zipball/c922a3beb01c12daeeac5cca6cb6127202924c4b",
                "reference": "c922a3beb01c12daeeac5cca6cb6127202924c4b",
                "shasum": ""
            },
            "require": {
                "php": ">=7.0.0"
            },
            "type": "library",
            "autoload": {
                "psr-4": {
                    "Hooloovoo\\QueryEngine\\": "src/"
                }
            },
            "notification-url": "https://packagist.org/downloads/",
            "license": [
                "MIT"
            ],
            "authors": [
                {
                    "name": "Vladislav Nejedlý",
                    "email": "vladislav.nejedly@gmail.com",
                    "homepage": "https://www.linkedin.com/in/vladislav-nejedl%C3%BD-7140117b"
                }
            ],
            "description": "Simple abstraction for implementing server-side Paging, Sorting and Filtering",
            "homepage": "https://github.com/vnejedly/query-engine",
            "keywords": [
                "filter",
                "pager",
                "sorter",
                "url query"
            ],
            "time": "2018-02-08T12:44:25+00:00"
        }
    ],
    "packages-dev": [],
    "aliases": [],
    "minimum-stability": "stable",
    "stability-flags": {
        "hooloovoo/di": 20,
        "hooloovoo/config": 20,
        "hooloovoo/query-engine": 20,
        "hooloovoo/database": 20,
        "hooloovoo/db-mapping": 20,
        "hooloovoo/generator": 20,
        "hooloovoo/data-objects": 20
    },
    "prefer-stable": false,
    "prefer-lowest": false,
    "platform": {
        "php": ">=7.0.0"
    },
    "platform-dev": []
}
